
Microsoft Visual Studio Solution File, Format Version 12.00
# Visual Studio Version 17
VisualStudioVersion = 17.11.35312.102
MinimumVisualStudioVersion = 10.0.40219.1
Project("{FAE04EC0-301F-11D3-BF4B-00C04F79EFBC}") = "WebApplication1", "WebApplication1\WebApplication1.csproj", "{FEF84E85-7E28-4E60-A294-83DF0448082E}"
EndProject
Global
	GlobalSection(SolutionConfigurationPlatforms) = preSolution
		Debug|Any CPU = Debug|Any CPU
		Release|Any CPU = Release|Any CPU
	EndGlobalSection
	GlobalSection(ProjectConfigurationPlatforms) = postSolution
		{FEF84E85-7E28-4E60-A294-83DF0448082E}.Debug|Any CPU.ActiveCfg = Debug|Any CPU
		{FEF84E85-7E28-4E60-A294-83DF0448082E}.Debug|Any CPU.Build.0 = Debug|Any CPU
		{FEF84E85-7E28-4E60-A294-83DF0448082E}.Release|Any CPU.ActiveCfg = Release|Any CPU
		{FEF84E85-7E28-4E60-A294-83DF0448082E}.Release|Any CPU.Build.0 = Release|Any CPU
	EndGlobalSection
	GlobalSection(SolutionProperties) = preSolution
		HideSolutionNode = FALSE
	EndGlobalSection
	GlobalSection(ExtensibilityGlobals) = postSolution
		SolutionGuid = {B434F205-2BBA-4C7F-B21D-3158E9949D99}
	EndGlobalSection
EndGlobal
